
Microsoft Visual Studio Solution File, Format Version 12.00
# Visual Studio Version 17
VisualStudioVersion = 17.6.33815.320
MinimumVisualStudioVersion = 10.0.40219.1
Project("{FAE04EC0-301F-11D3-BF4B-00C04F79EFBC}") = "HomeWork2.6", "HomeWork2.6\HomeWork2.6.csproj", "{8EBB00E7-E750-4F38-868E-ED61411D4D06}"
EndProject
Global
	GlobalSection(SolutionConfigurationPlatforms) = preSolution
		Debug|Any CPU = Debug|Any CPU
		Release|Any CPU = Release|Any CPU
	EndGlobalSection
	GlobalSection(ProjectConfigurationPlatforms) = postSolution
		{8EBB00E7-E750-4F38-868E-ED61411D4D06}.Debug|Any CPU.ActiveCfg = Debug|Any CPU
		{8EBB00E7-E750-4F38-868E-ED61411D4D06}.Debug|Any CPU.Build.0 = Debug|Any CPU
		{8EBB00E7-E750-4F38-868E-ED61411D4D06}.Release|Any CPU.ActiveCfg = Release|Any CPU
		{8EBB00E7-E750-4F38-868E-ED61411D4D06}.Release|Any CPU.Build.0 = Release|Any CPU
	EndGlobalSection
	GlobalSection(SolutionProperties) = preSolution
		HideSolutionNode = FALSE
	EndGlobalSection
	GlobalSection(ExtensibilityGlobals) = postSolution
		SolutionGuid = {E034A0B7-2007-4A59-B64D-5E6B9E95EB40}
	EndGlobalSection
EndGlobal
